
Microsoft Visual Studio Solution File, Format Version 12.00
# Visual Studio Version 17
VisualStudioVersion = 17.3.32901.215
MinimumVisualStudioVersion = 10.0.40219.1
Project("{FAE04EC0-301F-11D3-BF4B-00C04F79EFBC}") = "EjercicioLINQ", "EjercicioLINQ\EjercicioLINQ.csproj", "{69D7099A-29FF-4FE2-9009-B2638A82F88A}"
EndProject
Global
	GlobalSection(SolutionConfigurationPlatforms) = preSolution
		Debug|Any CPU = Debug|Any CPU
		Release|Any CPU = Release|Any CPU
	EndGlobalSection
	GlobalSection(ProjectConfigurationPlatforms) = postSolution
		{69D7099A-29FF-4FE2-9009-B2638A82F88A}.Debug|Any CPU.ActiveCfg = Debug|Any CPU
		{69D7099A-29FF-4FE2-9009-B2638A82F88A}.Debug|Any CPU.Build.0 = Debug|Any CPU
		{69D7099A-29FF-4FE2-9009-B2638A82F88A}.Release|Any CPU.ActiveCfg = Release|Any CPU
		{69D7099A-29FF-4FE2-9009-B2638A82F88A}.Release|Any CPU.Build.0 = Release|Any CPU
	EndGlobalSection
	GlobalSection(SolutionProperties) = preSolution
		HideSolutionNode = FALSE
	EndGlobalSection
	GlobalSection(ExtensibilityGlobals) = postSolution
		SolutionGuid = {6EAB291F-F488-40BA-B915-740F9AC617C3}
	EndGlobalSection
EndGlobal
