
Microsoft Visual Studio Solution File, Format Version 12.00
# Visual Studio Version 17
VisualStudioVersion = 17.3.32901.215
MinimumVisualStudioVersion = 10.0.40219.1
Project("{FAE04EC0-301F-11D3-BF4B-00C04F79EFBC}") = "EnvioEmails", "EnvioEmails\EnvioEmails.csproj", "{2126AD56-03D5-4345-AC09-D0AA770AEFF4}"
EndProject
Global
	GlobalSection(SolutionConfigurationPlatforms) = preSolution
		Debug|Any CPU = Debug|Any CPU
		Release|Any CPU = Release|Any CPU
	EndGlobalSection
	GlobalSection(ProjectConfigurationPlatforms) = postSolution
		{2126AD56-03D5-4345-AC09-D0AA770AEFF4}.Debug|Any CPU.ActiveCfg = Debug|Any CPU
		{2126AD56-03D5-4345-AC09-D0AA770AEFF4}.Debug|Any CPU.Build.0 = Debug|Any CPU
		{2126AD56-03D5-4345-AC09-D0AA770AEFF4}.Release|Any CPU.ActiveCfg = Release|Any CPU
		{2126AD56-03D5-4345-AC09-D0AA770AEFF4}.Release|Any CPU.Build.0 = Release|Any CPU
	EndGlobalSection
	GlobalSection(SolutionProperties) = preSolution
		HideSolutionNode = FALSE
	EndGlobalSection
	GlobalSection(ExtensibilityGlobals) = postSolution
		SolutionGuid = {E5A0B4C1-5459-498D-84B5-12F3154CA95F}
	EndGlobalSection
EndGlobal
