
Microsoft Visual Studio Solution File, Format Version 12.00
# Visual Studio Version 17
VisualStudioVersion = 17.3.32901.215
MinimumVisualStudioVersion = 10.0.40219.1
Project("{FAE04EC0-301F-11D3-BF4B-00C04F79EFBC}") = "EjerciciosBasicos1", "EjerciciosBasicos1\EjerciciosBasicos1.csproj", "{E453CF0A-A4C4-4D59-B26C-43A767CE7862}"
EndProject
Global
	GlobalSection(SolutionConfigurationPlatforms) = preSolution
		Debug|Any CPU = Debug|Any CPU
		Release|Any CPU = Release|Any CPU
	EndGlobalSection
	GlobalSection(ProjectConfigurationPlatforms) = postSolution
		{E453CF0A-A4C4-4D59-B26C-43A767CE7862}.Debug|Any CPU.ActiveCfg = Debug|Any CPU
		{E453CF0A-A4C4-4D59-B26C-43A767CE7862}.Debug|Any CPU.Build.0 = Debug|Any CPU
		{E453CF0A-A4C4-4D59-B26C-43A767CE7862}.Release|Any CPU.ActiveCfg = Release|Any CPU
		{E453CF0A-A4C4-4D59-B26C-43A767CE7862}.Release|Any CPU.Build.0 = Release|Any CPU
	EndGlobalSection
	GlobalSection(SolutionProperties) = preSolution
		HideSolutionNode = FALSE
	EndGlobalSection
	GlobalSection(ExtensibilityGlobals) = postSolution
		SolutionGuid = {690475B2-A943-4F70-99C5-659079A1A2EF}
	EndGlobalSection
EndGlobal
