
Microsoft Visual Studio Solution File, Format Version 12.00
# Visual Studio Version 17
VisualStudioVersion = 17.3.32901.215
MinimumVisualStudioVersion = 10.0.40219.1
Project("{FAE04EC0-301F-11D3-BF4B-00C04F79EFBC}") = "HRankMinAbsDifference", "HRankMinAbsDifference\HRankMinAbsDifference.csproj", "{F356F5EE-EEB4-4FC6-A0DA-1E439223FF24}"
EndProject
Global
	GlobalSection(SolutionConfigurationPlatforms) = preSolution
		Debug|Any CPU = Debug|Any CPU
		Release|Any CPU = Release|Any CPU
	EndGlobalSection
	GlobalSection(ProjectConfigurationPlatforms) = postSolution
		{F356F5EE-EEB4-4FC6-A0DA-1E439223FF24}.Debug|Any CPU.ActiveCfg = Debug|Any CPU
		{F356F5EE-EEB4-4FC6-A0DA-1E439223FF24}.Debug|Any CPU.Build.0 = Debug|Any CPU
		{F356F5EE-EEB4-4FC6-A0DA-1E439223FF24}.Release|Any CPU.ActiveCfg = Release|Any CPU
		{F356F5EE-EEB4-4FC6-A0DA-1E439223FF24}.Release|Any CPU.Build.0 = Release|Any CPU
	EndGlobalSection
	GlobalSection(SolutionProperties) = preSolution
		HideSolutionNode = FALSE
	EndGlobalSection
	GlobalSection(ExtensibilityGlobals) = postSolution
		SolutionGuid = {3E738AA2-1E04-42DC-A577-B47E85BC1FE6}
	EndGlobalSection
EndGlobal
