
Microsoft Visual Studio Solution File, Format Version 12.00
# Visual Studio Version 17
VisualStudioVersion = 17.3.32901.215
MinimumVisualStudioVersion = 10.0.40219.1
Project("{FAE04EC0-301F-11D3-BF4B-00C04F79EFBC}") = "EjPOO5_Ordenador", "EjPOO5_Ordenador\EjPOO5_Ordenador.csproj", "{3BE4B352-4DD4-4E8B-8AD5-372BB74B9B41}"
EndProject
Global
	GlobalSection(SolutionConfigurationPlatforms) = preSolution
		Debug|Any CPU = Debug|Any CPU
		Release|Any CPU = Release|Any CPU
	EndGlobalSection
	GlobalSection(ProjectConfigurationPlatforms) = postSolution
		{3BE4B352-4DD4-4E8B-8AD5-372BB74B9B41}.Debug|Any CPU.ActiveCfg = Debug|Any CPU
		{3BE4B352-4DD4-4E8B-8AD5-372BB74B9B41}.Debug|Any CPU.Build.0 = Debug|Any CPU
		{3BE4B352-4DD4-4E8B-8AD5-372BB74B9B41}.Release|Any CPU.ActiveCfg = Release|Any CPU
		{3BE4B352-4DD4-4E8B-8AD5-372BB74B9B41}.Release|Any CPU.Build.0 = Release|Any CPU
	EndGlobalSection
	GlobalSection(SolutionProperties) = preSolution
		HideSolutionNode = FALSE
	EndGlobalSection
	GlobalSection(ExtensibilityGlobals) = postSolution
		SolutionGuid = {CED4AD35-9650-4F85-AB8B-571DA325B4BC}
	EndGlobalSection
EndGlobal
