
Microsoft Visual Studio Solution File, Format Version 12.00
# Visual Studio Version 17
VisualStudioVersion = 17.3.32901.215
MinimumVisualStudioVersion = 10.0.40219.1
Project("{FAE04EC0-301F-11D3-BF4B-00C04F79EFBC}") = "HRankSepararNumDeString", "HRankSepararNumDeString\HRankSepararNumDeString.csproj", "{0B159CF9-7AAB-46B1-B5D8-351D0562A263}"
EndProject
Global
	GlobalSection(SolutionConfigurationPlatforms) = preSolution
		Debug|Any CPU = Debug|Any CPU
		Release|Any CPU = Release|Any CPU
	EndGlobalSection
	GlobalSection(ProjectConfigurationPlatforms) = postSolution
		{0B159CF9-7AAB-46B1-B5D8-351D0562A263}.Debug|Any CPU.ActiveCfg = Debug|Any CPU
		{0B159CF9-7AAB-46B1-B5D8-351D0562A263}.Debug|Any CPU.Build.0 = Debug|Any CPU
		{0B159CF9-7AAB-46B1-B5D8-351D0562A263}.Release|Any CPU.ActiveCfg = Release|Any CPU
		{0B159CF9-7AAB-46B1-B5D8-351D0562A263}.Release|Any CPU.Build.0 = Release|Any CPU
	EndGlobalSection
	GlobalSection(SolutionProperties) = preSolution
		HideSolutionNode = FALSE
	EndGlobalSection
	GlobalSection(ExtensibilityGlobals) = postSolution
		SolutionGuid = {FE33A8A3-439B-4A8C-A896-A5782D4E872D}
	EndGlobalSection
EndGlobal
