
Microsoft Visual Studio Solution File, Format Version 12.00
# Visual Studio Version 17
VisualStudioVersion = 17.3.32901.215
MinimumVisualStudioVersion = 10.0.40219.1
Project("{FAE04EC0-301F-11D3-BF4B-00C04F79EFBC}") = "EjAleatorio_conClass", "EjAleatorio_conClass\EjAleatorio_conClass.csproj", "{0445FB6F-2107-41F4-85F4-1B79F8E7807B}"
EndProject
Global
	GlobalSection(SolutionConfigurationPlatforms) = preSolution
		Debug|Any CPU = Debug|Any CPU
		Release|Any CPU = Release|Any CPU
	EndGlobalSection
	GlobalSection(ProjectConfigurationPlatforms) = postSolution
		{0445FB6F-2107-41F4-85F4-1B79F8E7807B}.Debug|Any CPU.ActiveCfg = Debug|Any CPU
		{0445FB6F-2107-41F4-85F4-1B79F8E7807B}.Debug|Any CPU.Build.0 = Debug|Any CPU
		{0445FB6F-2107-41F4-85F4-1B79F8E7807B}.Release|Any CPU.ActiveCfg = Release|Any CPU
		{0445FB6F-2107-41F4-85F4-1B79F8E7807B}.Release|Any CPU.Build.0 = Release|Any CPU
	EndGlobalSection
	GlobalSection(SolutionProperties) = preSolution
		HideSolutionNode = FALSE
	EndGlobalSection
	GlobalSection(ExtensibilityGlobals) = postSolution
		SolutionGuid = {083D82A0-13E3-4A06-A361-5FCAE6A8EED8}
	EndGlobalSection
EndGlobal
