
Microsoft Visual Studio Solution File, Format Version 12.00
# Visual Studio Version 17
VisualStudioVersion = 17.3.32901.215
MinimumVisualStudioVersion = 10.0.40219.1
Project("{FAE04EC0-301F-11D3-BF4B-00C04F79EFBC}") = "HRankTheBombermanGame", "HRankTheBombermanGame\HRankTheBombermanGame.csproj", "{771FCF3B-8523-43F4-B817-E5354BE6360E}"
EndProject
Global
	GlobalSection(SolutionConfigurationPlatforms) = preSolution
		Debug|Any CPU = Debug|Any CPU
		Release|Any CPU = Release|Any CPU
	EndGlobalSection
	GlobalSection(ProjectConfigurationPlatforms) = postSolution
		{771FCF3B-8523-43F4-B817-E5354BE6360E}.Debug|Any CPU.ActiveCfg = Debug|Any CPU
		{771FCF3B-8523-43F4-B817-E5354BE6360E}.Debug|Any CPU.Build.0 = Debug|Any CPU
		{771FCF3B-8523-43F4-B817-E5354BE6360E}.Release|Any CPU.ActiveCfg = Release|Any CPU
		{771FCF3B-8523-43F4-B817-E5354BE6360E}.Release|Any CPU.Build.0 = Release|Any CPU
	EndGlobalSection
	GlobalSection(SolutionProperties) = preSolution
		HideSolutionNode = FALSE
	EndGlobalSection
	GlobalSection(ExtensibilityGlobals) = postSolution
		SolutionGuid = {33DD635D-F1B1-4DAF-B587-5AA7D781F9E1}
	EndGlobalSection
EndGlobal
