
Microsoft Visual Studio Solution File, Format Version 12.00
# Visual Studio Version 17
VisualStudioVersion = 17.3.32901.215
MinimumVisualStudioVersion = 10.0.40219.1
Project("{FAE04EC0-301F-11D3-BF4B-00C04F79EFBC}") = "EjBasicosPOO_1", "EjBasicosPOO_1\EjBasicosPOO_1.csproj", "{5A8D7335-1641-4593-8886-41FDDFC6DB0C}"
EndProject
Global
	GlobalSection(SolutionConfigurationPlatforms) = preSolution
		Debug|Any CPU = Debug|Any CPU
		Release|Any CPU = Release|Any CPU
	EndGlobalSection
	GlobalSection(ProjectConfigurationPlatforms) = postSolution
		{5A8D7335-1641-4593-8886-41FDDFC6DB0C}.Debug|Any CPU.ActiveCfg = Debug|Any CPU
		{5A8D7335-1641-4593-8886-41FDDFC6DB0C}.Debug|Any CPU.Build.0 = Debug|Any CPU
		{5A8D7335-1641-4593-8886-41FDDFC6DB0C}.Release|Any CPU.ActiveCfg = Release|Any CPU
		{5A8D7335-1641-4593-8886-41FDDFC6DB0C}.Release|Any CPU.Build.0 = Release|Any CPU
	EndGlobalSection
	GlobalSection(SolutionProperties) = preSolution
		HideSolutionNode = FALSE
	EndGlobalSection
	GlobalSection(ExtensibilityGlobals) = postSolution
		SolutionGuid = {17EDD734-BF18-412B-B275-B4A95366A480}
	EndGlobalSection
EndGlobal
