
Microsoft Visual Studio Solution File, Format Version 12.00
# Visual Studio Version 17
VisualStudioVersion = 17.3.32901.215
MinimumVisualStudioVersion = 10.0.40219.1
Project("{FAE04EC0-301F-11D3-BF4B-00C04F79EFBC}") = "TratamientoArchivos", "TratamientoArchivos\TratamientoArchivos.csproj", "{10EA6C1E-1E27-46F8-B717-B62C26117156}"
EndProject
Global
	GlobalSection(SolutionConfigurationPlatforms) = preSolution
		Debug|Any CPU = Debug|Any CPU
		Release|Any CPU = Release|Any CPU
	EndGlobalSection
	GlobalSection(ProjectConfigurationPlatforms) = postSolution
		{10EA6C1E-1E27-46F8-B717-B62C26117156}.Debug|Any CPU.ActiveCfg = Debug|Any CPU
		{10EA6C1E-1E27-46F8-B717-B62C26117156}.Debug|Any CPU.Build.0 = Debug|Any CPU
		{10EA6C1E-1E27-46F8-B717-B62C26117156}.Release|Any CPU.ActiveCfg = Release|Any CPU
		{10EA6C1E-1E27-46F8-B717-B62C26117156}.Release|Any CPU.Build.0 = Release|Any CPU
	EndGlobalSection
	GlobalSection(SolutionProperties) = preSolution
		HideSolutionNode = FALSE
	EndGlobalSection
	GlobalSection(ExtensibilityGlobals) = postSolution
		SolutionGuid = {C3E279BD-1BAC-4656-952A-735E6A329E9F}
	EndGlobalSection
EndGlobal
