
Microsoft Visual Studio Solution File, Format Version 12.00
# Visual Studio Version 17
VisualStudioVersion = 17.3.32901.215
MinimumVisualStudioVersion = 10.0.40219.1
Project("{FAE04EC0-301F-11D3-BF4B-00C04F79EFBC}") = "TA TE TI", "TA TE TI\TA TE TI.csproj", "{9F79BEE4-4897-425B-BBC6-55773C228CEB}"
EndProject
Global
	GlobalSection(SolutionConfigurationPlatforms) = preSolution
		Debug|Any CPU = Debug|Any CPU
		Release|Any CPU = Release|Any CPU
	EndGlobalSection
	GlobalSection(ProjectConfigurationPlatforms) = postSolution
		{9F79BEE4-4897-425B-BBC6-55773C228CEB}.Debug|Any CPU.ActiveCfg = Debug|Any CPU
		{9F79BEE4-4897-425B-BBC6-55773C228CEB}.Debug|Any CPU.Build.0 = Debug|Any CPU
		{9F79BEE4-4897-425B-BBC6-55773C228CEB}.Release|Any CPU.ActiveCfg = Release|Any CPU
		{9F79BEE4-4897-425B-BBC6-55773C228CEB}.Release|Any CPU.Build.0 = Release|Any CPU
	EndGlobalSection
	GlobalSection(SolutionProperties) = preSolution
		HideSolutionNode = FALSE
	EndGlobalSection
	GlobalSection(ExtensibilityGlobals) = postSolution
		SolutionGuid = {4866B5E4-768B-4C5E-8D53-8BEAFAC000DA}
	EndGlobalSection
EndGlobal
