
Microsoft Visual Studio Solution File, Format Version 12.00
# Visual Studio Version 17
VisualStudioVersion = 17.3.32901.215
MinimumVisualStudioVersion = 10.0.40219.1
Project("{FAE04EC0-301F-11D3-BF4B-00C04F79EFBC}") = "HRankSumaDiagonalMatriz", "HRankSumaDiagonalMatriz\HRankSumaDiagonalMatriz.csproj", "{90103677-5CB1-4F2A-8C2C-AC51E739AC9D}"
EndProject
Global
	GlobalSection(SolutionConfigurationPlatforms) = preSolution
		Debug|Any CPU = Debug|Any CPU
		Release|Any CPU = Release|Any CPU
	EndGlobalSection
	GlobalSection(ProjectConfigurationPlatforms) = postSolution
		{90103677-5CB1-4F2A-8C2C-AC51E739AC9D}.Debug|Any CPU.ActiveCfg = Debug|Any CPU
		{90103677-5CB1-4F2A-8C2C-AC51E739AC9D}.Debug|Any CPU.Build.0 = Debug|Any CPU
		{90103677-5CB1-4F2A-8C2C-AC51E739AC9D}.Release|Any CPU.ActiveCfg = Release|Any CPU
		{90103677-5CB1-4F2A-8C2C-AC51E739AC9D}.Release|Any CPU.Build.0 = Release|Any CPU
	EndGlobalSection
	GlobalSection(SolutionProperties) = preSolution
		HideSolutionNode = FALSE
	EndGlobalSection
	GlobalSection(ExtensibilityGlobals) = postSolution
		SolutionGuid = {F4C91A5E-9B27-46E6-8E32-46AC00FD707D}
	EndGlobalSection
EndGlobal
