
Microsoft Visual Studio Solution File, Format Version 12.00
# Visual Studio Version 17
VisualStudioVersion = 17.3.32901.215
MinimumVisualStudioVersion = 10.0.40219.1
Project("{FAE04EC0-301F-11D3-BF4B-00C04F79EFBC}") = "HRankContarRepeticionesIntInArr", "HRankContarRepeticionesIntInArr\HRankContarRepeticionesIntInArr.csproj", "{23D63A7B-597A-40B3-A9AA-3BA213CC4B7D}"
EndProject
Global
	GlobalSection(SolutionConfigurationPlatforms) = preSolution
		Debug|Any CPU = Debug|Any CPU
		Release|Any CPU = Release|Any CPU
	EndGlobalSection
	GlobalSection(ProjectConfigurationPlatforms) = postSolution
		{23D63A7B-597A-40B3-A9AA-3BA213CC4B7D}.Debug|Any CPU.ActiveCfg = Debug|Any CPU
		{23D63A7B-597A-40B3-A9AA-3BA213CC4B7D}.Debug|Any CPU.Build.0 = Debug|Any CPU
		{23D63A7B-597A-40B3-A9AA-3BA213CC4B7D}.Release|Any CPU.ActiveCfg = Release|Any CPU
		{23D63A7B-597A-40B3-A9AA-3BA213CC4B7D}.Release|Any CPU.Build.0 = Release|Any CPU
	EndGlobalSection
	GlobalSection(SolutionProperties) = preSolution
		HideSolutionNode = FALSE
	EndGlobalSection
	GlobalSection(ExtensibilityGlobals) = postSolution
		SolutionGuid = {D0FDF0E9-107A-4C2E-999B-96E7F5B744C9}
	EndGlobalSection
EndGlobal
