
Microsoft Visual Studio Solution File, Format Version 12.00
# Visual Studio Version 17
VisualStudioVersion = 17.3.32901.215
MinimumVisualStudioVersion = 10.0.40219.1
Project("{FAE04EC0-301F-11D3-BF4B-00C04F79EFBC}") = "EjWinFrmFrameWork_NumAleatorios", "EjWinFrmFrameWork_NumAleatorios\EjWinFrmFrameWork_NumAleatorios.csproj", "{0CF1F72B-72D6-4F84-A68C-0272D566D0C9}"
EndProject
Global
	GlobalSection(SolutionConfigurationPlatforms) = preSolution
		Debug|Any CPU = Debug|Any CPU
		Release|Any CPU = Release|Any CPU
	EndGlobalSection
	GlobalSection(ProjectConfigurationPlatforms) = postSolution
		{0CF1F72B-72D6-4F84-A68C-0272D566D0C9}.Debug|Any CPU.ActiveCfg = Debug|Any CPU
		{0CF1F72B-72D6-4F84-A68C-0272D566D0C9}.Debug|Any CPU.Build.0 = Debug|Any CPU
		{0CF1F72B-72D6-4F84-A68C-0272D566D0C9}.Release|Any CPU.ActiveCfg = Release|Any CPU
		{0CF1F72B-72D6-4F84-A68C-0272D566D0C9}.Release|Any CPU.Build.0 = Release|Any CPU
	EndGlobalSection
	GlobalSection(SolutionProperties) = preSolution
		HideSolutionNode = FALSE
	EndGlobalSection
	GlobalSection(ExtensibilityGlobals) = postSolution
		SolutionGuid = {DE51C53E-1AE2-4D19-9058-5310958F2D81}
	EndGlobalSection
EndGlobal
