
Microsoft Visual Studio Solution File, Format Version 12.00
# Visual Studio Version 17
VisualStudioVersion = 17.3.32901.215
MinimumVisualStudioVersion = 10.0.40219.1
Project("{FAE04EC0-301F-11D3-BF4B-00C04F79EFBC}") = "FizzBuzz", "FizzBuzz\FizzBuzz.csproj", "{EAAC7865-703A-43ED-8663-28E0A2256D6A}"
EndProject
Global
	GlobalSection(SolutionConfigurationPlatforms) = preSolution
		Debug|Any CPU = Debug|Any CPU
		Release|Any CPU = Release|Any CPU
	EndGlobalSection
	GlobalSection(ProjectConfigurationPlatforms) = postSolution
		{EAAC7865-703A-43ED-8663-28E0A2256D6A}.Debug|Any CPU.ActiveCfg = Debug|Any CPU
		{EAAC7865-703A-43ED-8663-28E0A2256D6A}.Debug|Any CPU.Build.0 = Debug|Any CPU
		{EAAC7865-703A-43ED-8663-28E0A2256D6A}.Release|Any CPU.ActiveCfg = Release|Any CPU
		{EAAC7865-703A-43ED-8663-28E0A2256D6A}.Release|Any CPU.Build.0 = Release|Any CPU
	EndGlobalSection
	GlobalSection(SolutionProperties) = preSolution
		HideSolutionNode = FALSE
	EndGlobalSection
	GlobalSection(ExtensibilityGlobals) = postSolution
		SolutionGuid = {8CAC8CB9-9A3A-421F-AEBA-390103349A30}
	EndGlobalSection
EndGlobal
