
Microsoft Visual Studio Solution File, Format Version 12.00
# Visual Studio Version 17
VisualStudioVersion = 17.3.32901.215
MinimumVisualStudioVersion = 10.0.40219.1
Project("{FAE04EC0-301F-11D3-BF4B-00C04F79EFBC}") = "EjBasic_ARRAY", "EjBasic_ARRAY\EjBasic_ARRAY.csproj", "{243552BF-1749-40C5-8F4B-BFF872FE58D2}"
EndProject
Global
	GlobalSection(SolutionConfigurationPlatforms) = preSolution
		Debug|Any CPU = Debug|Any CPU
		Release|Any CPU = Release|Any CPU
	EndGlobalSection
	GlobalSection(ProjectConfigurationPlatforms) = postSolution
		{243552BF-1749-40C5-8F4B-BFF872FE58D2}.Debug|Any CPU.ActiveCfg = Debug|Any CPU
		{243552BF-1749-40C5-8F4B-BFF872FE58D2}.Debug|Any CPU.Build.0 = Debug|Any CPU
		{243552BF-1749-40C5-8F4B-BFF872FE58D2}.Release|Any CPU.ActiveCfg = Release|Any CPU
		{243552BF-1749-40C5-8F4B-BFF872FE58D2}.Release|Any CPU.Build.0 = Release|Any CPU
	EndGlobalSection
	GlobalSection(SolutionProperties) = preSolution
		HideSolutionNode = FALSE
	EndGlobalSection
	GlobalSection(ExtensibilityGlobals) = postSolution
		SolutionGuid = {24B2C2A8-EB70-46DD-AF81-9FD9639FC7B9}
	EndGlobalSection
EndGlobal
